Microsoft Visual Studio Solution File, Format Version 12.00
# Visual Studio Version 17
VisualStudioVersion = 17.5.2.0
MinimumVisualStudioVersion = 10.0.40219.1
Project("{FAE04EC0-301F-11D3-BF4B-00C04F79EFBC}") = "TaskFlow.Web", "TaskFlow.Web\TaskFlow.Web.csproj", "{820C2893-867A-6BE8-2B6B-D9BFB8F7D6E3}"
EndProject
Project("{FAE04EC0-301F-11D3-BF4B-00C04F79EFBC}") = "TaskFlow.Domain", "TaskFlow.Domain\TaskFlow.Domain.csproj", "{920C2893-867A-6BE8-2B6B-D9BFB8F7D6E4}"
EndProject
Project("{FAE04EC0-301F-11D3-BF4B-00C04F79EFBC}") = "TaskFlow.Application", "TaskFlow.Application\TaskFlow.Application.csproj", "{A20C2893-867A-6BE8-2B6B-D9BFB8F7D6E5}"
EndProject
Project("{FAE04EC0-301F-11D3-BF4B-00C04F79EFBC}") = "TaskFlow.Infrastructure", "TaskFlow.Infrastructure\TaskFlow.Infrastructure.csproj", "{B20C2893-867A-6BE8-2B6B-D9BFB8F7D6E6}"
EndProject
Global
	GlobalSection(SolutionConfigurationPlatforms) = preSolution
		Debug|Any CPU = Debug|Any CPU
		Release|Any CPU = Release|Any CPU
	EndGlobalSection
	GlobalSection(ProjectConfigurationPlatforms) = postSolution
		{820C2893-867A-6BE8-2B6B-D9BFB8F7D6E3}.Debug|Any CPU.ActiveCfg = Debug|Any CPU
		{820C2893-867A-6BE8-2B6B-D9BFB8F7D6E3}.Debug|Any CPU.Build.0 = Debug|Any CPU
		{820C2893-867A-6BE8-2B6B-D9BFB8F7D6E3}.Release|Any CPU.ActiveCfg = Release|Any CPU
		{820C2893-867A-6BE8-2B6B-D9BFB8F7D6E3}.Release|Any CPU.Build.0 = Release|Any CPU
		{920C2893-867A-6BE8-2B6B-D9BFB8F7D6E4}.Debug|Any CPU.ActiveCfg = Debug|Any CPU
		{920C2893-867A-6BE8-2B6B-D9BFB8F7D6E4}.Debug|Any CPU.Build.0 = Debug|Any CPU
		{920C2893-867A-6BE8-2B6B-D9BFB8F7D6E4}.Release|Any CPU.ActiveCfg = Release|Any CPU
		{920C2893-867A-6BE8-2B6B-D9BFB8F7D6E4}.Release|Any CPU.Build.0 = Release|Any CPU
		{A20C2893-867A-6BE8-2B6B-D9BFB8F7D6E5}.Debug|Any CPU.ActiveCfg = Debug|Any CPU
		{A20C2893-867A-6BE8-2B6B-D9BFB8F7D6E5}.Debug|Any CPU.Build.0 = Debug|Any CPU
		{A20C2893-867A-6BE8-2B6B-D9BFB8F7D6E5}.Release|Any CPU.ActiveCfg = Release|Any CPU
		{A20C2893-867A-6BE8-2B6B-D9BFB8F7D6E5}.Release|Any CPU.Build.0 = Release|Any CPU
		{B20C2893-867A-6BE8-2B6B-D9BFB8F7D6E6}.Debug|Any CPU.ActiveCfg = Debug|Any CPU
		{B20C2893-867A-6BE8-2B6B-D9BFB8F7D6E6}.Debug|Any CPU.Build.0 = Debug|Any CPU
		{B20C2893-867A-6BE8-2B6B-D9BFB8F7D6E6}.Release|Any CPU.ActiveCfg = Release|Any CPU
		{B20C2893-867A-6BE8-2B6B-D9BFB8F7D6E6}.Release|Any CPU.Build.0 = Release|Any CPU
	EndGlobalSection
	GlobalSection(SolutionProperties) = preSolution
		HideSolutionNode = FALSE
	EndGlobalSection
	GlobalSection(ExtensibilityGlobals) = postSolution
		SolutionGuid = {3C6ABE2E-793C-4FC8-BC9A-7D77573306D0}
	EndGlobalSection
EndGlobal
